
Microsoft Visual Studio Solution File, Format Version 12.00
# Visual Studio 15
VisualStudioVersion = 15.0.26124.0
MinimumVisualStudioVersion = 15.0.26124.0
Project("{2150E333-8FDC-42A3-9474-1A3956D46DE8}") = "Domain", "Domain", "{8EC9E2EB-AA73-4EF5-A916-E59D5CB2A487}"
EndProject
Project("{FAE04EC0-301F-11D3-BF4B-00C04F79EFBC}") = "Onion.Domain", "Domain\Onion.Domain\Onion.Domain.csproj", "{1214EB6C-2024-4711-9739-1E13966DD36A}"
EndProject
Project("{2150E333-8FDC-42A3-9474-1A3956D46DE8}") = "Infrastructure", "Infrastructure", "{78B656E7-3979-4992-A67C-E40FAB5CFA17}"
EndProject
Project("{FAE04EC0-301F-11D3-BF4B-00C04F79EFBC}") = "Onion.Infrastructure", "Infrastructure\Onion.Infrastructure\Onion.Infrastructure.csproj", "{8E073C02-BFAF-4F50-B764-80F52BB2677D}"
EndProject
Project("{2150E333-8FDC-42A3-9474-1A3956D46DE8}") = "Repository", "Repository", "{AEB64E92-A163-4AA2-B12E-ADC3F8FFBA98}"
EndProject
Project("{FAE04EC0-301F-11D3-BF4B-00C04F79EFBC}") = "Onion.Repository", "Repository\Onion.Repository\Onion.Repository.csproj", "{5BBD729A-77F4-4511-A68B-EB0CC516BED8}"
EndProject
Project("{2150E333-8FDC-42A3-9474-1A3956D46DE8}") = "Service", "Service", "{B0A54C40-EB48-4CF6-9557-DF5F6160595F}"
EndProject
Project("{FAE04EC0-301F-11D3-BF4B-00C04F79EFBC}") = "Onion.Service", "Service\Onion.Service\Onion.Service.csproj", "{E3519575-8D68-4F66-8AD1-E8BA87C893C7}"
EndProject
Project("{2150E333-8FDC-42A3-9474-1A3956D46DE8}") = "UI", "UI", "{5F629A55-ECDA-4C58-BBB5-55F050E8B73F}"
EndProject
Project("{FAE04EC0-301F-11D3-BF4B-00C04F79EFBC}") = "Onion.API", "UI\Onion.API\Onion.API.csproj", "{3BD41D9D-2C36-4D1A-A643-845D776590F9}"
EndProject
Project("{2150E333-8FDC-42A3-9474-1A3956D46DE8}") = "Test", "Test", "{B75D5D1E-AC5E-426C-82AD-57A1856D9B7A}"
EndProject
Project("{FAE04EC0-301F-11D3-BF4B-00C04F79EFBC}") = "Onion.Test", "Test\Onion.Test\Onion.Test.csproj", "{D53DC10D-AF4A-4F43-A344-5CF1937CA544}"
EndProject
Global
	GlobalSection(SolutionConfigurationPlatforms) = preSolution
		Debug|Any CPU = Debug|Any CPU
		Debug|x64 = Debug|x64
		Debug|x86 = Debug|x86
		Release|Any CPU = Release|Any CPU
		Release|x64 = Release|x64
		Release|x86 = Release|x86
	EndGlobalSection
	GlobalSection(SolutionProperties) = preSolution
		HideSolutionNode = FALSE
	EndGlobalSection
	GlobalSection(ProjectConfigurationPlatforms) = postSolution
		{1214EB6C-2024-4711-9739-1E13966DD36A}.Debug|Any CPU.ActiveCfg = Debug|Any CPU
		{1214EB6C-2024-4711-9739-1E13966DD36A}.Debug|Any CPU.Build.0 = Debug|Any CPU
		{1214EB6C-2024-4711-9739-1E13966DD36A}.Debug|x64.ActiveCfg = Debug|Any CPU
		{1214EB6C-2024-4711-9739-1E13966DD36A}.Debug|x64.Build.0 = Debug|Any CPU
		{1214EB6C-2024-4711-9739-1E13966DD36A}.Debug|x86.ActiveCfg = Debug|Any CPU
		{1214EB6C-2024-4711-9739-1E13966DD36A}.Debug|x86.Build.0 = Debug|Any CPU
		{1214EB6C-2024-4711-9739-1E13966DD36A}.Release|Any CPU.ActiveCfg = Release|Any CPU
		{1214EB6C-2024-4711-9739-1E13966DD36A}.Release|Any CPU.Build.0 = Release|Any CPU
		{1214EB6C-2024-4711-9739-1E13966DD36A}.Release|x64.ActiveCfg = Release|Any CPU
		{1214EB6C-2024-4711-9739-1E13966DD36A}.Release|x64.Build.0 = Release|Any CPU
		{1214EB6C-2024-4711-9739-1E13966DD36A}.Release|x86.ActiveCfg = Release|Any CPU
		{1214EB6C-2024-4711-9739-1E13966DD36A}.Release|x86.Build.0 = Release|Any CPU
		{8E073C02-BFAF-4F50-B764-80F52BB2677D}.Debug|Any CPU.ActiveCfg = Debug|Any CPU
		{8E073C02-BFAF-4F50-B764-80F52BB2677D}.Debug|Any CPU.Build.0 = Debug|Any CPU
		{8E073C02-BFAF-4F50-B764-80F52BB2677D}.Debug|x64.ActiveCfg = Debug|Any CPU
		{8E073C02-BFAF-4F50-B764-80F52BB2677D}.Debug|x64.Build.0 = Debug|Any CPU
		{8E073C02-BFAF-4F50-B764-80F52BB2677D}.Debug|x86.ActiveCfg = Debug|Any CPU
		{8E073C02-BFAF-4F50-B764-80F52BB2677D}.Debug|x86.Build.0 = Debug|Any CPU
		{8E073C02-BFAF-4F50-B764-80F52BB2677D}.Release|Any CPU.ActiveCfg = Release|Any CPU
		{8E073C02-BFAF-4F50-B764-80F52BB2677D}.Release|Any CPU.Build.0 = Release|Any CPU
		{8E073C02-BFAF-4F50-B764-80F52BB2677D}.Release|x64.ActiveCfg = Release|Any CPU
		{8E073C02-BFAF-4F50-B764-80F52BB2677D}.Release|x64.Build.0 = Release|Any CPU
		{8E073C02-BFAF-4F50-B764-80F52BB2677D}.Release|x86.ActiveCfg = Release|Any CPU
		{8E073C02-BFAF-4F50-B764-80F52BB2677D}.Release|x86.Build.0 = Release|Any CPU
		{5BBD729A-77F4-4511-A68B-EB0CC516BED8}.Debug|Any CPU.ActiveCfg = Debug|Any CPU
		{5BBD729A-77F4-4511-A68B-EB0CC516BED8}.Debug|Any CPU.Build.0 = Debug|Any CPU
		{5BBD729A-77F4-4511-A68B-EB0CC516BED8}.Debug|x64.ActiveCfg = Debug|Any CPU
		{5BBD729A-77F4-4511-A68B-EB0CC516BED8}.Debug|x64.Build.0 = Debug|Any CPU
		{5BBD729A-77F4-4511-A68B-EB0CC516BED8}.Debug|x86.ActiveCfg = Debug|Any CPU
		{5BBD729A-77F4-4511-A68B-EB0CC516BED8}.Debug|x86.Build.0 = Debug|Any CPU
		{5BBD729A-77F4-4511-A68B-EB0CC516BED8}.Release|Any CPU.ActiveCfg = Release|Any CPU
		{5BBD729A-77F4-4511-A68B-EB0CC516BED8}.Release|Any CPU.Build.0 = Release|Any CPU
		{5BBD729A-77F4-4511-A68B-EB0CC516BED8}.Release|x64.ActiveCfg = Release|Any CPU
		{5BBD729A-77F4-4511-A68B-EB0CC516BED8}.Release|x64.Build.0 = Release|Any CPU
		{5BBD729A-77F4-4511-A68B-EB0CC516BED8}.Release|x86.ActiveCfg = Release|Any CPU
		{5BBD729A-77F4-4511-A68B-EB0CC516BED8}.Release|x86.Build.0 = Release|Any CPU
		{E3519575-8D68-4F66-8AD1-E8BA87C893C7}.Debug|Any CPU.ActiveCfg = Debug|Any CPU
		{E3519575-8D68-4F66-8AD1-E8BA87C893C7}.Debug|Any CPU.Build.0 = Debug|Any CPU
		{E3519575-8D68-4F66-8AD1-E8BA87C893C7}.Debug|x64.ActiveCfg = Debug|Any CPU
		{E3519575-8D68-4F66-8AD1-E8BA87C893C7}.Debug|x64.Build.0 = Debug|Any CPU
		{E3519575-8D68-4F66-8AD1-E8BA87C893C7}.Debug|x86.ActiveCfg = Debug|Any CPU
		{E3519575-8D68-4F66-8AD1-E8BA87C893C7}.Debug|x86.Build.0 = Debug|Any CPU
		{E3519575-8D68-4F66-8AD1-E8BA87C893C7}.Release|Any CPU.ActiveCfg = Release|Any CPU
		{E3519575-8D68-4F66-8AD1-E8BA87C893C7}.Release|Any CPU.Build.0 = Release|Any CPU
		{E3519575-8D68-4F66-8AD1-E8BA87C893C7}.Release|x64.ActiveCfg = Release|Any CPU
		{E3519575-8D68-4F66-8AD1-E8BA87C893C7}.Release|x64.Build.0 = Release|Any CPU
		{E3519575-8D68-4F66-8AD1-E8BA87C893C7}.Release|x86.ActiveCfg = Release|Any CPU
		{E3519575-8D68-4F66-8AD1-E8BA87C893C7}.Release|x86.Build.0 = Release|Any CPU
		{3BD41D9D-2C36-4D1A-A643-845D776590F9}.Debug|Any CPU.ActiveCfg = Debug|Any CPU
		{3BD41D9D-2C36-4D1A-A643-845D776590F9}.Debug|Any CPU.Build.0 = Debug|Any CPU
		{3BD41D9D-2C36-4D1A-A643-845D776590F9}.Debug|x64.ActiveCfg = Debug|Any CPU
		{3BD41D9D-2C36-4D1A-A643-845D776590F9}.Debug|x64.Build.0 = Debug|Any CPU
		{3BD41D9D-2C36-4D1A-A643-845D776590F9}.Debug|x86.ActiveCfg = Debug|Any CPU
		{3BD41D9D-2C36-4D1A-A643-845D776590F9}.Debug|x86.Build.0 = Debug|Any CPU
		{3BD41D9D-2C36-4D1A-A643-845D776590F9}.Release|Any CPU.ActiveCfg = Release|Any CPU
		{3BD41D9D-2C36-4D1A-A643-845D776590F9}.Release|Any CPU.Build.0 = Release|Any CPU
		{3BD41D9D-2C36-4D1A-A643-845D776590F9}.Release|x64.ActiveCfg = Release|Any CPU
		{3BD41D9D-2C36-4D1A-A643-845D776590F9}.Release|x64.Build.0 = Release|Any CPU
		{3BD41D9D-2C36-4D1A-A643-845D776590F9}.Release|x86.ActiveCfg = Release|Any CPU
		{3BD41D9D-2C36-4D1A-A643-845D776590F9}.Release|x86.Build.0 = Release|Any CPU
		{D53DC10D-AF4A-4F43-A344-5CF1937CA544}.Debug|Any CPU.ActiveCfg = Debug|Any CPU
		{D53DC10D-AF4A-4F43-A344-5CF1937CA544}.Debug|Any CPU.Build.0 = Debug|Any CPU
		{D53DC10D-AF4A-4F43-A344-5CF1937CA544}.Debug|x64.ActiveCfg = Debug|Any CPU
		{D53DC10D-AF4A-4F43-A344-5CF1937CA544}.Debug|x64.Build.0 = Debug|Any CPU
		{D53DC10D-AF4A-4F43-A344-5CF1937CA544}.Debug|x86.ActiveCfg = Debug|Any CPU
		{D53DC10D-AF4A-4F43-A344-5CF1937CA544}.Debug|x86.Build.0 = Debug|Any CPU
		{D53DC10D-AF4A-4F43-A344-5CF1937CA544}.Release|Any CPU.ActiveCfg = Release|Any CPU
		{D53DC10D-AF4A-4F43-A344-5CF1937CA544}.Release|Any CPU.Build.0 = Release|Any CPU
		{D53DC10D-AF4A-4F43-A344-5CF1937CA544}.Release|x64.ActiveCfg = Release|Any CPU
		{D53DC10D-AF4A-4F43-A344-5CF1937CA544}.Release|x64.Build.0 = Release|Any CPU
		{D53DC10D-AF4A-4F43-A344-5CF1937CA544}.Release|x86.ActiveCfg = Release|Any CPU
		{D53DC10D-AF4A-4F43-A344-5CF1937CA544}.Release|x86.Build.0 = Release|Any CPU
	EndGlobalSection
	GlobalSection(NestedProjects) = preSolution
		{1214EB6C-2024-4711-9739-1E13966DD36A} = {8EC9E2EB-AA73-4EF5-A916-E59D5CB2A487}
		{8E073C02-BFAF-4F50-B764-80F52BB2677D} = {78B656E7-3979-4992-A67C-E40FAB5CFA17}
		{5BBD729A-77F4-4511-A68B-EB0CC516BED8} = {AEB64E92-A163-4AA2-B12E-ADC3F8FFBA98}
		{E3519575-8D68-4F66-8AD1-E8BA87C893C7} = {B0A54C40-EB48-4CF6-9557-DF5F6160595F}
		{3BD41D9D-2C36-4D1A-A643-845D776590F9} = {5F629A55-ECDA-4C58-BBB5-55F050E8B73F}
		{D53DC10D-AF4A-4F43-A344-5CF1937CA544} = {B75D5D1E-AC5E-426C-82AD-57A1856D9B7A}
	EndGlobalSection
EndGlobal
